{
  "name": "homebridge-plex-v2",
  "version": "2.0.0",
  "lockfileVersion": 3,
  "requires": true,
  "packages": {
    "": {
      "name": "homebridge-plex-v2",
      "version": "2.0.0",
      "license": "MIT",
      "engines": {
        "homebridge": "^1.6.0 || ^2.0.0-beta.0 || ^2.0.0",
        "node": "^18.15.0 || ^20.7.0 || >=22.0.0"
      }
    }
  }
}
